
Microsoft Visual Studio Solution File, Format Version 12.00
# Visual Studio Version 17
VisualStudioVersion = 17.8.34525.116
MinimumVisualStudioVersion = 10.0.40219.1
Project("{FAE04EC0-301F-11D3-BF4B-00C04F79EFBC}") = "OnlineShop", "OnlineShop\OnlineShop.csproj", "{215A1E74-62D5-41A3-B1E5-25C62A5EBDAA}"
EndProject
Global
	GlobalSection(SolutionConfigurationPlatforms) = preSolution
		Debug|Any CPU = Debug|Any CPU
		Release|Any CPU = Release|Any CPU
	EndGlobalSection
	GlobalSection(ProjectConfigurationPlatforms) = postSolution
		{215A1E74-62D5-41A3-B1E5-25C62A5EBDAA}.Debug|Any CPU.ActiveCfg = Debug|Any CPU
		{215A1E74-62D5-41A3-B1E5-25C62A5EBDAA}.Debug|Any CPU.Build.0 = Debug|Any CPU
		{215A1E74-62D5-41A3-B1E5-25C62A5EBDAA}.Release|Any CPU.ActiveCfg = Release|Any CPU
		{215A1E74-62D5-41A3-B1E5-25C62A5EBDAA}.Release|Any CPU.Build.0 = Release|Any CPU
	EndGlobalSection
	GlobalSection(SolutionProperties) = preSolution
		HideSolutionNode = FALSE
	EndGlobalSection
	GlobalSection(ExtensibilityGlobals) = postSolution
		SolutionGuid = {E884D572-E4DC-48C7-AC63-76B721653AEF}
	EndGlobalSection
EndGlobal
